<?xml version="1.0" encoding="utf-8"?>
<Project ToolsVersion="4.0" xmlns="http://schemas.microsoft.com/developer/msbuild/2003">
  <ItemGroup>
    <ClCompile Include="main.cpp" />
    <ClCompile Include="Mesh.cpp">
      <Filter>renderables</Filter>
    </ClCompile>
    <ClCompile Include="RawPrimitive.cpp">
      <Filter>renderables</Filter>
    </ClCompile>
    <ClCompile Include="Renderable.cpp">
      <Filter>renderables</Filter>
    </ClCompile>
    <ClCompile Include="Shader.cpp">
      <Filter>utils</Filter>
    </ClCompile>
    <ClCompile Include="Inputs.cpp">
      <Filter>utils</Filter>
    </ClCompile>
    <ClCompile Include="Camera.cpp">
      <Filter>utils</Filter>
    </ClCompile>
    <ClCompile Include="DataStructures.hpp">
      <Filter>structs</Filter>
    </ClCompile>
    <ClCompile Include="rendering.cpp">
      <Filter>rendering</Filter>
    </ClCompile>
    <ClCompile Include="FontFactory.cpp">
      <Filter>textandfonts</Filter>
    </ClCompile>
    <ClCompile Include="SVFont.cpp">
      <Filter>textandfonts</Filter>
    </ClCompile>
    <ClCompile Include="TextField.cpp">
      <Filter>renderables</Filter>
    </ClCompile>
    <ClCompile Include="SkyBox.cpp">
      <Filter>renderables</Filter>
    </ClCompile>
    <ClCompile Include="GlobalShaderVars.cpp">
      <Filter>shadervars</Filter>
    </ClCompile>
    <ClCompile Include="LightingSystem.cpp">
      <Filter>lighting</Filter>
    </ClCompile>
    <ClCompile Include="Model.cpp">
      <Filter>models</Filter>
    </ClCompile>
    <ClCompile Include="ModelRenderingContext.cpp">
      <Filter>models</Filter>
    </ClCompile>
    <ClCompile Include="SingleCallContext.cpp">
      <Filter>models</Filter>
    </ClCompile>
    <ClCompile Include="BatchRenderContext.cpp">
      <Filter>models</Filter>
    </ClCompile>
    <ClCompile Include="ShadowMap.cpp">
      <Filter>shadows</Filter>
    </ClCompile>
    <ClCompile Include="PointShadowMap.cpp">
      <Filter>shadows</Filter>
    </ClCompile>
    <ClCompile Include="DirectionalShadowMap.cpp">
      <Filter>shadows</Filter>
    </ClCompile>
    <ClCompile Include="FrameBuffer.cpp">
      <Filter>framebuffers</Filter>
    </ClCompile>
    <ClCompile Include="MultisampledBlurFB.cpp">
      <Filter>framebuffers</Filter>
    </ClCompile>
  </ItemGroup>
  <ItemGroup>
    <ClInclude Include="Mesh.h">
      <Filter>renderables</Filter>
    </ClInclude>
    <ClInclude Include="RawPrimitive.h">
      <Filter>renderables</Filter>
    </ClInclude>
    <ClInclude Include="Renderable.h">
      <Filter>renderables</Filter>
    </ClInclude>
    <ClInclude Include="Shader.h">
      <Filter>utils</Filter>
    </ClInclude>
    <ClInclude Include="Inputs.h">
      <Filter>utils</Filter>
    </ClInclude>
    <ClInclude Include="Camera.h">
      <Filter>utils</Filter>
    </ClInclude>
    <ClInclude Include="dataArrays.h">
      <Filter>data</Filter>
    </ClInclude>
    <ClInclude Include="rendering.h">
      <Filter>rendering</Filter>
    </ClInclude>
    <ClInclude Include="FontFactory.h">
      <Filter>textandfonts</Filter>
    </ClInclude>
    <ClInclude Include="SVFont.h">
      <Filter>textandfonts</Filter>
    </ClInclude>
    <ClInclude Include="TextField.h">
      <Filter>renderables</Filter>
    </ClInclude>
    <ClInclude Include="SkyBox.h">
      <Filter>renderables</Filter>
    </ClInclude>
    <ClInclude Include="GlobalShaderVars.h">
      <Filter>shadervars</Filter>
    </ClInclude>
    <ClInclude Include="LightingSystem.h">
      <Filter>lighting</Filter>
    </ClInclude>
    <ClInclude Include="Model.h">
      <Filter>models</Filter>
    </ClInclude>
    <ClInclude Include="ModelRenderingContext.h">
      <Filter>models</Filter>
    </ClInclude>
    <ClInclude Include="SingleCallContext.h">
      <Filter>models</Filter>
    </ClInclude>
    <ClInclude Include="BatchRenderContext.h">
      <Filter>models</Filter>
    </ClInclude>
    <ClInclude Include="ShadowMap.h">
      <Filter>shadows</Filter>
    </ClInclude>
    <ClInclude Include="PointShadowMap.h">
      <Filter>shadows</Filter>
    </ClInclude>
    <ClInclude Include="DirectionalShadowMap.h">
      <Filter>shadows</Filter>
    </ClInclude>
    <ClInclude Include="FrameBuffer.h">
      <Filter>framebuffers</Filter>
    </ClInclude>
    <ClInclude Include="MultisampledBlurFB.h">
      <Filter>framebuffers</Filter>
    </ClInclude>
  </ItemGroup>
  <ItemGroup>
    <None Include="shaders\batchNormalsVertex.glsl">
      <Filter>shaders</Filter>
    </None>
    <None Include="shaders\batchOutlineVertex.glsl">
      <Filter>shaders</Filter>
    </None>
    <None Include="shaders\batchVertex.glsl">
      <Filter>shaders</Filter>
    </None>
    <None Include="shaders\batchVertexExplode.glsl">
      <Filter>shaders</Filter>
    </None>
    <None Include="shaders\deferredLightingFragment.glsl">
      <Filter>shaders</Filter>
    </None>
    <None Include="shaders\fragmentBlinnPong.glsl">
      <Filter>shaders</Filter>
    </None>
    <None Include="shaders\gaussBlurFragment.glsl">
      <Filter>shaders</Filter>
    </None>
    <None Include="shaders\gaussBlurVertex.glsl">
      <Filter>shaders</Filter>
    </None>
    <None Include="shaders\gBufferFragment.glsl">
      <Filter>shaders</Filter>
    </None>
    <None Include="shaders\geometryExplode.glsl">
      <Filter>shaders</Filter>
    </None>
    <None Include="shaders\glyphFrahment.glsl">
      <Filter>shaders</Filter>
    </None>
    <None Include="shaders\glyphVertex.glsl">
      <Filter>shaders</Filter>
    </None>
    <None Include="shaders\normalsFragment.glsl">
      <Filter>shaders</Filter>
    </None>
    <None Include="shaders\normalsGeometry.glsl">
      <Filter>shaders</Filter>
    </None>
    <None Include="shaders\normalsVertex.glsl">
      <Filter>shaders</Filter>
    </None>
    <None Include="shaders\outlineFragment.glsl">
      <Filter>shaders</Filter>
    </None>
    <None Include="shaders\outlineVertex.glsl">
      <Filter>shaders</Filter>
    </None>
    <None Include="shaders\pointShadowBatchVertex.glsl">
      <Filter>shaders</Filter>
    </None>
    <None Include="shaders\pointShadowFragment.glsl">
      <Filter>shaders</Filter>
    </None>
    <None Include="shaders\pointShadowGeometry.glsl">
      <Filter>shaders</Filter>
    </None>
    <None Include="shaders\pointShadowVertex.glsl">
      <Filter>shaders</Filter>
    </None>
    <None Include="shaders\rawcolorfragment.glsl">
      <Filter>shaders</Filter>
    </None>
    <None Include="shaders\rawcolorvertex.glsl">
      <Filter>shaders</Filter>
    </None>
    <None Include="shaders\screenFragment.glsl">
      <Filter>shaders</Filter>
    </None>
    <None Include="shaders\screenFragmentBlur.glsl">
      <Filter>shaders</Filter>
    </None>
    <None Include="shaders\screenFragmentEdge.glsl">
      <Filter>shaders</Filter>
    </None>
    <None Include="shaders\screenFragmentGrayScale.glsl">
      <Filter>shaders</Filter>
    </None>
    <None Include="shaders\screenFragmentHalves.glsl">
      <Filter>shaders</Filter>
    </None>
    <None Include="shaders\screenFragmentInversion.glsl">
      <Filter>shaders</Filter>
    </None>
    <None Include="shaders\screenFragmentKernel.glsl">
      <Filter>shaders</Filter>
    </None>
    <None Include="shaders\screenFragmentNoBloomy.glsl">
      <Filter>shaders</Filter>
    </None>
    <None Include="shaders\screenVertex.glsl">
      <Filter>shaders</Filter>
    </None>
    <None Include="shaders\shadowBatchVertex.glsl">
      <Filter>shaders</Filter>
    </None>
    <None Include="shaders\shadowFragment.glsl">
      <Filter>shaders</Filter>
    </None>
    <None Include="shaders\shadowVertex.glsl">
      <Filter>shaders</Filter>
    </None>
    <None Include="shaders\skyBoxFragment.glsl">
      <Filter>shaders</Filter>
    </None>
    <None Include="shaders\skyBoxVertex.glsl">
      <Filter>shaders</Filter>
    </None>
    <None Include="shaders\vertex.glsl">
      <Filter>shaders</Filter>
    </None>
    <None Include="shaders\vertexExplode.glsl">
      <Filter>shaders</Filter>
    </None>
  </ItemGroup>
  <ItemGroup>
    <Filter Include="renderables">
      <UniqueIdentifier>{09f8f800-252b-4789-8f27-71b06ad09944}</UniqueIdentifier>
    </Filter>
    <Filter Include="shaders">
      <UniqueIdentifier>{46a255f9-9221-4b32-b3fb-311cc1345d51}</UniqueIdentifier>
    </Filter>
    <Filter Include="utils">
      <UniqueIdentifier>{e948bf04-f2db-4ae3-b5f1-f7cfce5270bf}</UniqueIdentifier>
    </Filter>
    <Filter Include="structs">
      <UniqueIdentifier>{1b7ffa72-c55e-44da-bf32-a85cbbfcca25}</UniqueIdentifier>
    </Filter>
    <Filter Include="data">
      <UniqueIdentifier>{35d2d911-fb40-43ab-9de0-79d3d9e78306}</UniqueIdentifier>
    </Filter>
    <Filter Include="rendering">
      <UniqueIdentifier>{aea90366-ea56-42dc-9746-20bb096ab0b9}</UniqueIdentifier>
    </Filter>
    <Filter Include="textandfonts">
      <UniqueIdentifier>{8dce4f63-d016-4d11-831b-54db4f7d30ea}</UniqueIdentifier>
    </Filter>
    <Filter Include="shadervars">
      <UniqueIdentifier>{c28c4ae7-8933-42b1-b290-982a0984167c}</UniqueIdentifier>
    </Filter>
    <Filter Include="lighting">
      <UniqueIdentifier>{be5215f4-88e0-4f55-ac92-4e261243b8be}</UniqueIdentifier>
    </Filter>
    <Filter Include="models">
      <UniqueIdentifier>{ceb563b7-195a-494d-9d31-ca0ae8dc54fa}</UniqueIdentifier>
    </Filter>
    <Filter Include="shadows">
      <UniqueIdentifier>{dfa7a3d2-28ed-44ab-b735-40f8addd3be9}</UniqueIdentifier>
    </Filter>
    <Filter Include="framebuffers">
      <UniqueIdentifier>{7abd75f1-db5f-47b9-ac0d-ecd69afe3145}</UniqueIdentifier>
    </Filter>
  </ItemGroup>
</Project>